{
  "name": "@mstm/mstm-styles",
  "version": "0.1.7",
  "lockfileVersion": 3,
  "requires": true,
  "packages": {
    "": {
      "name": "@mstm/mstm-styles",
      "version": "0.1.7",
      "license": "UNLICENSED",
      "dependencies": {
        "@mstm/mstm-styles": "github:esecamalich/mstm-styles#main"
      }
    },
    "node_modules/@mstm/mstm-styles": {
      "version": "0.1.7",
      "resolved": "git+ssh://git@github.com/esecamalich/mstm-styles.git#f1c324fff351f75e4358fc5097f9c93ae69827fe",
      "license": "UNLICENSED"
    }
  }
}
